
Microsoft Visual Studio Solution File, Format Version 12.00
# Visual Studio 15
VisualStudioVersion = 15.0.26730.16
MinimumVisualStudioVersion = 10.0.40219.1
Project("{FAE04EC0-301F-11D3-BF4B-00C04F79EFBC}") = "Queryer", "Queryer\Queryer.csproj", "{10EA7240-2DB7-49A6-AA21-EB9B42250739}"
EndProject
Global
	GlobalSection(SolutionConfigurationPlatforms) = preSolution
		Debug|Any CPU = Debug|Any CPU
		Release|Any CPU = Release|Any CPU
	EndGlobalSection
	GlobalSection(ProjectConfigurationPlatforms) = postSolution
		{10EA7240-2DB7-49A6-AA21-EB9B42250739}.Debug|Any CPU.ActiveCfg = Debug|Any CPU
		{10EA7240-2DB7-49A6-AA21-EB9B42250739}.Debug|Any CPU.Build.0 = Debug|Any CPU
		{10EA7240-2DB7-49A6-AA21-EB9B42250739}.Release|Any CPU.ActiveCfg = Release|Any CPU
		{10EA7240-2DB7-49A6-AA21-EB9B42250739}.Release|Any CPU.Build.0 = Release|Any CPU
	EndGlobalSection
	GlobalSection(SolutionProperties) = preSolution
		HideSolutionNode = FALSE
	EndGlobalSection
	GlobalSection(ExtensibilityGlobals) = postSolution
		SolutionGuid = {D969CDA6-C254-43FF-9726-D62AA283FA91}
	EndGlobalSection
EndGlobal
